
Microsoft Visual Studio Solution File, Format Version 12.00
# Visual Studio Version 16
VisualStudioVersion = 16.0.29613.14
MinimumVisualStudioVersion = 10.0.40219.1
Project("{FAE04EC0-301F-11D3-BF4B-00C04F79EFBC}") = "AspNet35CSharp", "AspNet35CSharp\AspNet35CSharp.csproj", "{A340CD41-6946-452A-879A-E5568AA70746}"
EndProject
Project("{F184B08F-C81C-45F6-A57F-5ABD9991F28F}") = "AspNet35VisualBasic", "AspNet35VisualBasic\AspNet35VisualBasic.vbproj", "{77C80D17-EE84-4C0B-8DB9-725797C49EFE}"
EndProject
Project("{FAE04EC0-301F-11D3-BF4B-00C04F79EFBC}") = "AspNet45CSharpWebForms", "AspNet45CSharpWebForms\AspNet45CSharpWebForms.csproj", "{33181827-7CC2-46D6-8650-EFECF1FBEDCF}"
EndProject
Project("{2150E333-8FDC-42A3-9474-1A3956D46DE8}") = "ASP.NET 3.5", "ASP.NET 3.5", "{F251EAB3-54AD-4A81-B2A8-2D399DDDB06F}"
EndProject
Project("{2150E333-8FDC-42A3-9474-1A3956D46DE8}") = "ASP.NET 4.5", "ASP.NET 4.5", "{09D12D64-1574-4494-BC5F-2D6FD6A91728}"
EndProject
Project("{2150E333-8FDC-42A3-9474-1A3956D46DE8}") = "Solution Items", "Solution Items", "{2534137D-041E-4CB3-873C-9D5D77F8E843}"
	ProjectSection(SolutionItems) = preProject
		LICENSE.txt = LICENSE.txt
		README.md = README.md
		SameSiteSupport.cs = SameSiteSupport.cs
		SameSiteSupport.vb = SameSiteSupport.vb
	EndProjectSection
EndProject
Project("{FAE04EC0-301F-11D3-BF4B-00C04F79EFBC}") = "AspNet472CSharpWebForms", "AspNet472CSharpWebForms\AspNet472CSharpWebForms.csproj", "{B31A2C1E-5B08-4786-86B0-B860AC96D79A}"
EndProject
Project("{2150E333-8FDC-42A3-9474-1A3956D46DE8}") = "ASP.NET 4.72", "ASP.NET 4.72", "{F3C494BD-3548-4289-A8E3-4566D8E352CF}"
EndProject
Project("{F184B08F-C81C-45F6-A57F-5ABD9991F28F}") = "AspNet472VisualBasicWebForms", "AspNet472VisualBasicWebForms\AspNet472VisualBasicWebForms.vbproj", "{4D94562C-B1DB-4819-AEC9-011510A80286}"
EndProject
Project("{FAE04EC0-301F-11D3-BF4B-00C04F79EFBC}") = "AspNet472CSharpMVC5", "AspNet472CSharpMVC5\AspNet472CSharpMVC5.csproj", "{82B49C6A-F34A-4E15-A7D7-672508621307}"
EndProject
Project("{F184B08F-C81C-45F6-A57F-5ABD9991F28F}") = "AspNet472VisualBasicMVC5", "AspNet472VisualBasicMVC5\AspNet472VisualBasicMVC5.vbproj", "{E1B6BEE8-748D-47F9-9079-6B20BBF66085}"
EndProject
Global
	GlobalSection(SolutionConfigurationPlatforms) = preSolution
		Debug|Any CPU = Debug|Any CPU
		Release|Any CPU = Release|Any CPU
	EndGlobalSection
	GlobalSection(ProjectConfigurationPlatforms) = postSolution
		{A340CD41-6946-452A-879A-E5568AA70746}.Debug|Any CPU.ActiveCfg = Debug|Any CPU
		{A340CD41-6946-452A-879A-E5568AA70746}.Debug|Any CPU.Build.0 = Debug|Any CPU
		{A340CD41-6946-452A-879A-E5568AA70746}.Release|Any CPU.ActiveCfg = Release|Any CPU
		{A340CD41-6946-452A-879A-E5568AA70746}.Release|Any CPU.Build.0 = Release|Any CPU
		{77C80D17-EE84-4C0B-8DB9-725797C49EFE}.Debug|Any CPU.ActiveCfg = Debug|Any CPU
		{77C80D17-EE84-4C0B-8DB9-725797C49EFE}.Debug|Any CPU.Build.0 = Debug|Any CPU
		{77C80D17-EE84-4C0B-8DB9-725797C49EFE}.Release|Any CPU.ActiveCfg = Release|Any CPU
		{77C80D17-EE84-4C0B-8DB9-725797C49EFE}.Release|Any CPU.Build.0 = Release|Any CPU
		{33181827-7CC2-46D6-8650-EFECF1FBEDCF}.Debug|Any CPU.ActiveCfg = Debug|Any CPU
		{33181827-7CC2-46D6-8650-EFECF1FBEDCF}.Debug|Any CPU.Build.0 = Debug|Any CPU
		{33181827-7CC2-46D6-8650-EFECF1FBEDCF}.Release|Any CPU.ActiveCfg = Release|Any CPU
		{33181827-7CC2-46D6-8650-EFECF1FBEDCF}.Release|Any CPU.Build.0 = Release|Any CPU
		{B31A2C1E-5B08-4786-86B0-B860AC96D79A}.Debug|Any CPU.ActiveCfg = Debug|Any CPU
		{B31A2C1E-5B08-4786-86B0-B860AC96D79A}.Debug|Any CPU.Build.0 = Debug|Any CPU
		{B31A2C1E-5B08-4786-86B0-B860AC96D79A}.Release|Any CPU.ActiveCfg = Release|Any CPU
		{B31A2C1E-5B08-4786-86B0-B860AC96D79A}.Release|Any CPU.Build.0 = Release|Any CPU
		{4D94562C-B1DB-4819-AEC9-011510A80286}.Debug|Any CPU.ActiveCfg = Debug|Any CPU
		{4D94562C-B1DB-4819-AEC9-011510A80286}.Debug|Any CPU.Build.0 = Debug|Any CPU
		{4D94562C-B1DB-4819-AEC9-011510A80286}.Release|Any CPU.ActiveCfg = Release|Any CPU
		{4D94562C-B1DB-4819-AEC9-011510A80286}.Release|Any CPU.Build.0 = Release|Any CPU
		{82B49C6A-F34A-4E15-A7D7-672508621307}.Debug|Any CPU.ActiveCfg = Debug|Any CPU
		{82B49C6A-F34A-4E15-A7D7-672508621307}.Debug|Any CPU.Build.0 = Debug|Any CPU
		{82B49C6A-F34A-4E15-A7D7-672508621307}.Release|Any CPU.ActiveCfg = Release|Any CPU
		{82B49C6A-F34A-4E15-A7D7-672508621307}.Release|Any CPU.Build.0 = Release|Any CPU
		{E1B6BEE8-748D-47F9-9079-6B20BBF66085}.Debug|Any CPU.ActiveCfg = Debug|Any CPU
		{E1B6BEE8-748D-47F9-9079-6B20BBF66085}.Debug|Any CPU.Build.0 = Debug|Any CPU
		{E1B6BEE8-748D-47F9-9079-6B20BBF66085}.Release|Any CPU.ActiveCfg = Release|Any CPU
		{E1B6BEE8-748D-47F9-9079-6B20BBF66085}.Release|Any CPU.Build.0 = Release|Any CPU
	EndGlobalSection
	GlobalSection(SolutionProperties) = preSolution
		HideSolutionNode = FALSE
	EndGlobalSection
	GlobalSection(NestedProjects) = preSolution
		{A340CD41-6946-452A-879A-E5568AA70746} = {F251EAB3-54AD-4A81-B2A8-2D399DDDB06F}
		{77C80D17-EE84-4C0B-8DB9-725797C49EFE} = {F251EAB3-54AD-4A81-B2A8-2D399DDDB06F}
		{33181827-7CC2-46D6-8650-EFECF1FBEDCF} = {09D12D64-1574-4494-BC5F-2D6FD6A91728}
		{B31A2C1E-5B08-4786-86B0-B860AC96D79A} = {F3C494BD-3548-4289-A8E3-4566D8E352CF}
		{4D94562C-B1DB-4819-AEC9-011510A80286} = {F3C494BD-3548-4289-A8E3-4566D8E352CF}
		{82B49C6A-F34A-4E15-A7D7-672508621307} = {F3C494BD-3548-4289-A8E3-4566D8E352CF}
		{E1B6BEE8-748D-47F9-9079-6B20BBF66085} = {F3C494BD-3548-4289-A8E3-4566D8E352CF}
	EndGlobalSection
	GlobalSection(ExtensibilityGlobals) = postSolution
		SolutionGuid = {9C165D66-E0AA-40E9-939B-DF6A3AB7D173}
	EndGlobalSection
EndGlobal
